
Microsoft Visual Studio Solution File, Format Version 12.00
# Visual Studio Version 17
VisualStudioVersion = 17.0.31410.414
MinimumVisualStudioVersion = 10.0.40219.1
Project("{9A19103F-16F7-4668-BE54-9A1E7A4F7556}") = "PortfoliOSS.ModernConsole", "src\app\PortfoliOSS.ModernConsole\PortfoliOSS.ModernConsole.csproj", "{CE92F21C-E381-485C-BBC1-70F184113084}"
EndProject
Project("{9A19103F-16F7-4668-BE54-9A1E7A4F7556}") = "PortfoliOSS.ModernDomain", "src\app\PortfoliOSS.ModernDomain\PortfoliOSS.ModernDomain.csproj", "{2C0168E9-7FC7-44B8-94EF-AD9E15BA4443}"
EndProject
Project("{FAE04EC0-301F-11D3-BF4B-00C04F79EFBC}") = "PortfoliOSS.ModernData", "src\app\PortfoliOSS.ModernData\PortfoliOSS.ModernData.csproj", "{3AB5507B-D0D4-4B0D-9D94-5E186480B4CC}"
EndProject
Global
	GlobalSection(SolutionConfigurationPlatforms) = preSolution
		Debug|Any CPU = Debug|Any CPU
		Release|Any CPU = Release|Any CPU
	EndGlobalSection
	GlobalSection(ProjectConfigurationPlatforms) = postSolution
		{CE92F21C-E381-485C-BBC1-70F184113084}.Debug|Any CPU.ActiveCfg = Debug|Any CPU
		{CE92F21C-E381-485C-BBC1-70F184113084}.Debug|Any CPU.Build.0 = Debug|Any CPU
		{CE92F21C-E381-485C-BBC1-70F184113084}.Release|Any CPU.ActiveCfg = Release|Any CPU
		{CE92F21C-E381-485C-BBC1-70F184113084}.Release|Any CPU.Build.0 = Release|Any CPU
		{2C0168E9-7FC7-44B8-94EF-AD9E15BA4443}.Debug|Any CPU.ActiveCfg = Debug|Any CPU
		{2C0168E9-7FC7-44B8-94EF-AD9E15BA4443}.Debug|Any CPU.Build.0 = Debug|Any CPU
		{2C0168E9-7FC7-44B8-94EF-AD9E15BA4443}.Release|Any CPU.ActiveCfg = Release|Any CPU
		{2C0168E9-7FC7-44B8-94EF-AD9E15BA4443}.Release|Any CPU.Build.0 = Release|Any CPU
		{3AB5507B-D0D4-4B0D-9D94-5E186480B4CC}.Debug|Any CPU.ActiveCfg = Debug|Any CPU
		{3AB5507B-D0D4-4B0D-9D94-5E186480B4CC}.Debug|Any CPU.Build.0 = Debug|Any CPU
		{3AB5507B-D0D4-4B0D-9D94-5E186480B4CC}.Release|Any CPU.ActiveCfg = Release|Any CPU
		{3AB5507B-D0D4-4B0D-9D94-5E186480B4CC}.Release|Any CPU.Build.0 = Release|Any CPU
	EndGlobalSection
	GlobalSection(SolutionProperties) = preSolution
		HideSolutionNode = FALSE
	EndGlobalSection
	GlobalSection(ExtensibilityGlobals) = postSolution
		SolutionGuid = {E665ACBD-BAA9-46DF-93A1-485CB5CDEDAE}
	EndGlobalSection
EndGlobal
